// !$*UTF8*$!
{
	archiveVersion = 1;
	classes = {
	};
	objectVersion = 50;
	objects = {

/* Begin PBXBuildFile section */
		E4032DC42160ADDC00F847DB /* MapKit.framework in Frameworks */ = {isa = PBXBuildFile; fileRef = E4032DC32160ADDB00F847DB /* MapKit.framework */; };
		E4032DC62160B2C400F847DB /* MapVC.swift in Sources */ = {isa = PBXBuildFile; fileRef = E4032DC52160B2C400F847DB /* MapVC.swift */; };
		E4032DC82160B7C000F847DB /* UIColor + HexCode.swift in Sources */ = {isa = PBXBuildFile; fileRef = E4032DC72160B7C000F847DB /* UIColor + HexCode.swift */; };
		E41A3DF12143B0C800819F00 /* ConversionVC.swift in Sources */ = {isa = PBXBuildFile; fileRef = E41A3DF02143B0C800819F00 /* ConversionVC.swift */; };
		E4BDEC9A213A5901001D5F14 /* AppDelegate.swift in Sources */ = {isa = PBXBuildFile; fileRef = E4BDEC99213A5901001D5F14 /* AppDelegate.swift */; };
		E4BDEC9F213A5901001D5F14 /* Main.storyboard in Resources */ = {isa = PBXBuildFile; fileRef = E4BDEC9D213A5901001D5F14 /* Main.storyboard */; };
		E4BDECA1213A5902001D5F14 /* Assets.xcassets in Resources */ = {isa = PBXBuildFile; fileRef = E4BDECA0213A5902001D5F14 /* Assets.xcassets */; };
		E4BDECA4213A5902001D5F14 /* LaunchScreen.storyboard in Resources */ = {isa = PBXBuildFile; fileRef = E4BDECA2213A5902001D5F14 /* LaunchScreen.storyboard */; };
		E4BDECAF213A5902001D5F14 /* WorldTrotterTests.swift in Sources */ = {isa = PBXBuildFile; fileRef = E4BDECAE213A5902001D5F14 /* WorldTrotterTests.swift */; };
		E4BDECBA213A5902001D5F14 /* WorldTrotterUITests.swift in Sources */ = {isa = PBXBuildFile; fileRef = E4BDECB9213A5902001D5F14 /* WorldTrotterUITests.swift */; };
/* End PBXBuildFile section */

/* Begin PBXContainerItemProxy section */
		E4BDECAB213A5902001D5F14 /* PBXContainerItemProxy */ = {
			isa = PBXContainerItemProxy;
			containerPortal = E4BDEC8E213A5901001D5F14 /* Project object */;
			proxyType = 1;
			remoteGlobalIDString = E4BDEC95213A5901001D5F14;
			remoteInfo = WorldTrotter;
		};
		E4BDECB6213A5902001D5F14 /* PBXContainerItemProxy */ = {
			isa = PBXContainerItemProxy;
			containerPortal = E4BDEC8E213A5901001D5F14 /* Project object */;
			proxyType = 1;
			remoteGlobalIDString = E4BDEC95213A5901001D5F14;
			remoteInfo = WorldTrotter;
		};
/* End PBXContainerItemProxy section */

/* Begin PBXFileReference section */
		E4032DC32160ADDB00F847DB /* MapKit.framework */ = {isa = PBXFileReference; lastKnownFileType = wrapper.framework; name = MapKit.framework; path = System/Library/Frameworks/MapKit.framework; sourceTree = SDKROOT; };
		E4032DC52160B2C400F847DB /* MapVC.swift */ = {isa = PBXFileReference; lastKnownFileType = sourcecode.swift; path = MapVC.swift; sourceTree = "<group>"; };
		E4032DC72160B7C000F847DB /* UIColor + HexCode.swift */ = {isa = PBXFileReference; lastKnownFileType = sourcecode.swift; path = "UIColor + HexCode.swift"; sourceTree = "<group>"; };
		E41A3DF02143B0C800819F00 /* ConversionVC.swift */ = {isa = PBXFileReference; fileEncoding = 4; lastKnownFileType = sourcecode.swift; path = ConversionVC.swift; sourceTree = "<group>"; };
		E4BDEC96213A5901001D5F14 /* WorldTrotter.app */ = {isa = PBXFileReference; explicitFileType = wrapper.application; includeInIndex = 0; path = WorldTrotter.app; sourceTree = BUILT_PRODUCTS_DIR; };
		E4BDEC99213A5901001D5F14 /* AppDelegate.swift */ = {isa = PBXFileReference; lastKnownFileType = sourcecode.swift; path = AppDelegate.swift; sourceTree = "<group>"; };
		E4BDEC9E213A5901001D5F14 /* Base */ = {isa = PBXFileReference; lastKnownFileType = file.storyboard; name = Base; path = Base.lproj/Main.storyboard; sourceTree = "<group>"; };
		E4BDECA0213A5902001D5F14 /* Assets.xcassets */ = {isa = PBXFileReference; lastKnownFileType = folder.assetcatalog; path = Assets.xcassets; sourceTree = "<group>"; };
		E4BDECA3213A5902001D5F14 /* Base */ = {isa = PBXFileReference; lastKnownFileType = file.storyboard; name = Base; path = Base.lproj/LaunchScreen.storyboard; sourceTree = "<group>"; };
		E4BDECA5213A5902001D5F14 /* Info.plist */ = {isa = PBXFileReference; lastKnownFileType = text.plist.xml; path = Info.plist; sourceTree = "<group>"; };
		E4BDECAA213A5902001D5F14 /* WorldTrotterTests.xctest */ = {isa = PBXFileReference; explicitFileType = wrapper.cfbundle; includeInIndex = 0; path = WorldTrotterTests.xctest; sourceTree = BUILT_PRODUCTS_DIR; };
		E4BDECAE213A5902001D5F14 /* WorldTrotterTests.swift */ = {isa = PBXFileReference; lastKnownFileType = sourcecode.swift; path = WorldTrotterTests.swift; sourceTree = "<group>"; };
		E4BDECB0213A5902001D5F14 /* Info.plist */ = {isa = PBXFileReference; lastKnownFileType = text.plist.xml; path = Info.plist; sourceTree = "<group>"; };
		E4BDECB5213A5902001D5F14 /* WorldTrotterUITests.xctest */ = {isa = PBXFileReference; explicitFileType = wrapper.cfbundle; includeInIndex = 0; path = WorldTrotterUITests.xctest; sourceTree = BUILT_PRODUCTS_DIR; };
		E4BDECB9213A5902001D5F14 /* WorldTrotterUITests.swift */ = {isa = PBXFileReference; lastKnownFileType = sourcecode.swift; path = WorldTrotterUITests.swift; sourceTree = "<group>"; };
		E4BDECBB213A5903001D5F14 /* Info.plist */ = {isa = PBXFileReference; lastKnownFileType = text.plist.xml; path = Info.plist; sourceTree = "<group>"; };
/* End PBXFileReference section */

/* Begin PBXFrameworksBuildPhase section */
		E4BDEC93213A5901001D5F14 /* Frameworks */ = {
			isa = PBXFrameworksBuildPhase;
			buildActionMask = 2147483647;
			files = (
				E4032DC42160ADDC00F847DB /* MapKit.framework in Frameworks */,
			);
			runOnlyForDeploymentPostprocessing = 0;
		};
		E4BDECA7213A5902001D5F14 /* Frameworks */ = {
			isa = PBXFrameworksBuildPhase;
			buildActionMask = 2147483647;
			files = (
			);
			runOnlyForDeploymentPostprocessing = 0;
		};
		E4BDECB2213A5902001D5F14 /* Frameworks */ = {
			isa = PBXFrameworksBuildPhase;
			buildActionMask = 2147483647;
			files = (
			);
			runOnlyForDeploymentPostprocessing = 0;
		};
/* End PBXFrameworksBuildPhase section */

/* Begin PBXGroup section */
		E4032DC22160ADDB00F847DB /* Frameworks */ = {
			isa = PBXGroup;
			children = (
				E4032DC32160ADDB00F847DB /* MapKit.framework */,
			);
			name = Frameworks;
			sourceTree = "<group>";
		};
		E4BDEC8D213A5901001D5F14 = {
			isa = PBXGroup;
			children = (
				E4BDEC98213A5901001D5F14 /* WorldTrotter */,
				E4BDECAD213A5902001D5F14 /* WorldTrotterTests */,
				E4BDECB8213A5902001D5F14 /* WorldTrotterUITests */,
				E4BDEC97213A5901001D5F14 /* Products */,
				E4032DC22160ADDB00F847DB /* Frameworks */,
			);
			sourceTree = "<group>";
		};
		E4BDEC97213A5901001D5F14 /* Products */ = {
			isa = PBXGroup;
			children = (
				E4BDEC96213A5901001D5F14 /* WorldTrotter.app */,
				E4BDECAA213A5902001D5F14 /* WorldTrotterTests.xctest */,
				E4BDECB5213A5902001D5F14 /* WorldTrotterUITests.xctest */,
			);
			name = Products;
			sourceTree = "<group>";
		};
		E4BDEC98213A5901001D5F14 /* WorldTrotter */ = {
			isa = PBXGroup;
			children = (
				E4BDEC99213A5901001D5F14 /* AppDelegate.swift */,
				E41A3DF02143B0C800819F00 /* ConversionVC.swift */,
				E4BDEC9D213A5901001D5F14 /* Main.storyboard */,
				E4032DC52160B2C400F847DB /* MapVC.swift */,
				E4BDECA0213A5902001D5F14 /* Assets.xcassets */,
				E4BDECA2213A5902001D5F14 /* LaunchScreen.storyboard */,
				E4BDECA5213A5902001D5F14 /* Info.plist */,
				E4032DC72160B7C000F847DB /* UIColor + HexCode.swift */,
			);
			path = WorldTrotter;
			sourceTree = "<group>";
		};
		E4BDECAD213A5902001D5F14 /* WorldTrotterTests */ = {
			isa = PBXGroup;
			children = (
				E4BDECAE213A5902001D5F14 /* WorldTrotterTests.swift */,
				E4BDECB0213A5902001D5F14 /* Info.plist */,
			);
			path = WorldTrotterTests;
			sourceTree = "<group>";
		};
		E4BDECB8213A5902001D5F14 /* WorldTrotterUITests */ = {
			isa = PBXGroup;
			children = (
				E4BDECB9213A5902001D5F14 /* WorldTrotterUITests.swift */,
				E4BDECBB213A5903001D5F14 /* Info.plist */,
			);
			path = WorldTrotterUITests;
			sourceTree = "<group>";
		};
/* End PBXGroup section */

/* Begin PBXNativeTarget section */
		E4BDEC95213A5901001D5F14 /* WorldTrotter */ = {
			isa = PBXNativeTarget;
			buildConfigurationList = E4BDECBE213A5903001D5F14 /* Build configuration list for PBXNativeTarget "WorldTrotter" */;
			buildPhases = (
				E4BDEC92213A5901001D5F14 /* Sources */,
				E4BDEC93213A5901001D5F14 /* Frameworks */,
				E4BDEC94213A5901001D5F14 /* Resources */,
			);
			buildRules = (
			);
			dependencies = (
			);
			name = WorldTrotter;
			productName = WorldTrotter;
			productReference = E4BDEC96213A5901001D5F14 /* WorldTrotter.app */;
			productType = "com.apple.product-type.application";
		};
		E4BDECA9213A5902001D5F14 /* WorldTrotterTests */ = {
			isa = PBXNativeTarget;
			buildConfigurationList = E4BDECC1213A5903001D5F14 /* Build configuration list for PBXNativeTarget "WorldTrotterTests" */;
			buildPhases = (
				E4BDECA6213A5902001D5F14 /* Sources */,
				E4BDECA7213A5902001D5F14 /* Frameworks */,
				E4BDECA8213A5902001D5F14 /* Resources */,
			);
			buildRules = (
			);
			dependencies = (
				E4BDECAC213A5902001D5F14 /* PBXTargetDependency */,
			);
			name = WorldTrotterTests;
			productName = WorldTrotterTests;
			productReference = E4BDECAA213A5902001D5F14 /* WorldTrotterTests.xctest */;
			productType = "com.apple.product-type.bundle.unit-test";
		};
		E4BDECB4213A5902001D5F14 /* WorldTrotterUITests */ = {
			isa = PBXNativeTarget;
			buildConfigurationList = E4BDECC4213A5903001D5F14 /* Build configuration list for PBXNativeTarget "WorldTrotterUITests" */;
			buildPhases = (
				E4BDECB1213A5902001D5F14 /* Sources */,
				E4BDECB2213A5902001D5F14 /* Frameworks */,
				E4BDECB3213A5902001D5F14 /* Resources */,
			);
			buildRules = (
			);
			dependencies = (
				E4BDECB7213A5902001D5F14 /* PBXTargetDependency */,
			);
			name = WorldTrotterUITests;
			productName = WorldTrotterUITests;
			productReference = E4BDECB5213A5902001D5F14 /* WorldTrotterUITests.xctest */;
			productType = "com.apple.product-type.bundle.ui-testing";
		};
/* End PBXNativeTarget section */

/* Begin PBXProject section */
		E4BDEC8E213A5901001D5F14 /* Project object */ = {
			isa = PBXProject;
			attributes = {
				LastSwiftUpdateCheck = 0940;
				LastUpgradeCheck = 0940;
				ORGANIZATIONNAME = "이지영";
				TargetAttributes = {
					E4BDEC95213A5901001D5F14 = {
						CreatedOnToolsVersion = 9.4.1;
					};
					E4BDECA9213A5902001D5F14 = {
						CreatedOnToolsVersion = 9.4.1;
						TestTargetID = E4BDEC95213A5901001D5F14;
					};
					E4BDECB4213A5902001D5F14 = {
						CreatedOnToolsVersion = 9.4.1;
						TestTargetID = E4BDEC95213A5901001D5F14;
					};
				};
			};
			buildConfigurationList = E4BDEC91213A5901001D5F14 /* Build configuration list for PBXProject "WorldTrotter" */;
			compatibilityVersion = "Xcode 9.3";
			developmentRegion = en;
			hasScannedForEncodings = 0;
			knownRegions = (
				en,
				Base,
			);
			mainGroup = E4BDEC8D213A5901001D5F14;
			productRefGroup = E4BDEC97213A5901001D5F14 /* Products */;
			projectDirPath = "";
			projectRoot = "";
			targets = (
				E4BDEC95213A5901001D5F14 /* WorldTrotter */,
				E4BDECA9213A5902001D5F14 /* WorldTrotterTests */,
				E4BDECB4213A5902001D5F14 /* WorldTrotterUITests */,
			);
		};
/* End PBXProject section */

/* Begin PBXResourcesBuildPhase section */
		E4BDEC94213A5901001D5F14 /* Resources */ = {
			isa = PBXResourcesBuildPhase;
			buildActionMask = 2147483647;
			files = (
				E4BDECA4213A5902001D5F14 /* LaunchScreen.storyboard in Resources */,
				E4BDECA1213A5902001D5F14 /* Assets.xcassets in Resources */,
				E4BDEC9F213A5901001D5F14 /* Main.storyboard in Resources */,
			);
			runOnlyForDeploymentPostprocessing = 0;
		};
		E4BDECA8213A5902001D5F14 /* Resources */ = {
			isa = PBXResourcesBuildPhase;
			buildActionMask = 2147483647;
			files = (
			);
			runOnlyForDeploymentPostprocessing = 0;
		};
		E4BDECB3213A5902001D5F14 /* Resources */ = {
			isa = PBXResourcesBuildPhase;
			buildActionMask = 2147483647;
			files = (
			);
			runOnlyForDeploymentPostprocessing = 0;
		};
/* End PBXResourcesBuildPhase section */

/* Begin PBXSourcesBuildPhase section */
		E4BDEC92213A5901001D5F14 /* Sources */ = {
			isa = PBXSourcesBuildPhase;
			buildActionMask = 2147483647;
			files = (
				E41A3DF12143B0C800819F00 /* ConversionVC.swift in Sources */,
				E4032DC62160B2C400F847DB /* MapVC.swift in Sources */,
				E4032DC82160B7C000F847DB /* UIColor + HexCode.swift in Sources */,
				E4BDEC9A213A5901001D5F14 /* AppDelegate.swift in Sources */,
			);
			runOnlyForDeploymentPostprocessing = 0;
		};
		E4BDECA6213A5902001D5F14 /* Sources */ = {
			isa = PBXSourcesBuildPhase;
			buildActionMask = 2147483647;
			files = (
				E4BDECAF213A5902001D5F14 /* WorldTrotterTests.swift in Sources */,
			);
			runOnlyForDeploymentPostprocessing = 0;
		};
		E4BDECB1213A5902001D5F14 /* Sources */ = {
			isa = PBXSourcesBuildPhase;
			buildActionMask = 2147483647;
			files = (
				E4BDECBA213A5902001D5F14 /* WorldTrotterUITests.swift in Sources */,
			);
			runOnlyForDeploymentPostprocessing = 0;
		};
/* End PBXSourcesBuildPhase section */

/* Begin PBXTargetDependency section */
		E4BDECAC213A5902001D5F14 /* PBXTargetDependency */ = {
			isa = PBXTargetDependency;
			target = E4BDEC95213A5901001D5F14 /* WorldTrotter */;
			targetProxy = E4BDECAB213A5902001D5F14 /* PBXContainerItemProxy */;
		};
		E4BDECB7213A5902001D5F14 /* PBXTargetDependency */ = {
			isa = PBXTargetDependency;
			target = E4BDEC95213A5901001D5F14 /* WorldTrotter */;
			targetProxy = E4BDECB6213A5902001D5F14 /* PBXContainerItemProxy */;
		};
/* End PBXTargetDependency section */

/* Begin PBXVariantGroup section */
		E4BDEC9D213A5901001D5F14 /* Main.storyboard */ = {
			isa = PBXVariantGroup;
			children = (
				E4BDEC9E213A5901001D5F14 /* Base */,
			);
			name = Main.storyboard;
			sourceTree = "<group>";
		};
		E4BDECA2213A5902001D5F14 /* LaunchScreen.storyboard */ = {
			isa = PBXVariantGroup;
			children = (
				E4BDECA3213A5902001D5F14 /* Base */,
			);
			name = LaunchScreen.storyboard;
			sourceTree = "<group>";
		};
/* End PBXVariantGroup section */

/* Begin XCBuildConfiguration section */
		E4BDECBC213A5903001D5F14 /* Debug */ = {
			isa = XCBuildConfiguration;
			buildSettings = {
				ALWAYS_SEARCH_USER_PATHS = NO;
				CLANG_ANALYZER_NONNULL = YES;
				CLANG_ANALYZER_NUMBER_OBJECT_CONVERSION = YES_AGGRESSIVE;
				CLANG_CXX_LANGUAGE_STANDARD = "gnu++14";
				CLANG_CXX_LIBRARY = "libc++";
				CLANG_ENABLE_MODULES = YES;
				CLANG_ENABLE_OBJC_ARC = YES;
				CLANG_ENABLE_OBJC_WEAK = YES;
				CLANG_WARN_BLOCK_CAPTURE_AUTORELEASING = YES;
				CLANG_WARN_BOOL_CONVERSION = YES;
				CLANG_WARN_COMMA = YES;
				CLANG_WARN_CONSTANT_CONVERSION = YES;
				CLANG_WARN_DEPRECATED_OBJC_IMPLEMENTATIONS = YES;
				CLANG_WARN_DIRECT_OBJC_ISA_USAGE = YES_ERROR;
				CLANG_WARN_DOCUMENTATION_COMMENTS = YES;
				CLANG_WARN_EMPTY_BODY = YES;
				CLANG_WARN_ENUM_CONVERSION = YES;
				CLANG_WARN_INFINITE_RECURSION = YES;
				CLANG_WARN_INT_CONVERSION = YES;
				CLANG_WARN_NON_LITERAL_NULL_CONVERSION = YES;
				CLANG_WARN_OBJC_IMPLICIT_RETAIN_SELF = YES;
				CLANG_WARN_OBJC_LITERAL_CONVERSION = YES;
				CLANG_WARN_OBJC_ROOT_CLASS = YES_ERROR;
				CLANG_WARN_RANGE_LOOP_ANALYSIS = YES;
				CLANG_WARN_STRICT_PROTOTYPES = YES;
				CLANG_WARN_SUSPICIOUS_MOVE = YES;
				CLANG_WARN_UNGUARDED_AVAILABILITY = YES_AGGRESSIVE;
				CLANG_WARN_UNREACHABLE_CODE = YES;
				CLANG_WARN__DUPLICATE_METHOD_MATCH = YES;
				CODE_SIGN_IDENTITY = "iPhone Developer";
				COPY_PHASE_STRIP = NO;
				DEBUG_INFORMATION_FORMAT = dwarf;
				ENABLE_STRICT_OBJC_MSGSEND = YES;
				ENABLE_TESTABILITY = YES;
				GCC_C_LANGUAGE_STANDARD = gnu11;
				GCC_DYNAMIC_NO_PIC = NO;
				GCC_NO_COMMON_BLOCKS = YES;
				GCC_OPTIMIZATION_LEVEL = 0;
				GCC_PREPROCESSOR_DEFINITIONS = (
					"DEBUG=1",
					"$(inherited)",
				);
				GCC_WARN_64_TO_32_BIT_CONVERSION = YES;
				GCC_WARN_ABOUT_RETURN_TYPE = YES_ERROR;
				GCC_WARN_UNDECLARED_SELECTOR = YES;
				GCC_WARN_UNINITIALIZED_AUTOS = YES_AGGRESSIVE;
				GCC_WARN_UNUSED_FUNCTION = YES;
				GCC_WARN_UNUSED_VARIABLE = YES;
				IPHONEOS_DEPLOYMENT_TARGET = 11.4;
				MTL_ENABLE_DEBUG_INFO = YES;
				ONLY_ACTIVE_ARCH = YES;
				SDKROOT = iphoneos;
				SWIFT_ACTIVE_COMPILATION_CONDITIONS = DEBUG;
				SWIFT_OPTIMIZATION_LEVEL = "-Onone";
			};
			name = Debug;
		};
		E4BDECBD213A5903001D5F14 /* Release */ = {
			isa = XCBuildConfiguration;
			buildSettings = {
				ALWAYS_SEARCH_USER_PATHS = NO;
				CLANG_ANALYZER_NONNULL = YES;
				CLANG_ANALYZER_NUMBER_OBJECT_CONVERSION = YES_AGGRESSIVE;
				CLANG_CXX_LANGUAGE_STANDARD = "gnu++14";
				CLANG_CXX_LIBRARY = "libc++";
				CLANG_ENABLE_MODULES = YES;
				CLANG_ENABLE_OBJC_ARC = YES;
				CLANG_ENABLE_OBJC_WEAK = YES;
				CLANG_WARN_BLOCK_CAPTURE_AUTORELEASING = YES;
				CLANG_WARN_BOOL_CONVERSION = YES;
				CLANG_WARN_COMMA = YES;
				CLANG_WARN_CONSTANT_CONVERSION = YES;
				CLANG_WARN_DEPRECATED_OBJC_IMPLEMENTATIONS = YES;
				CLANG_WARN_DIRECT_OBJC_ISA_USAGE = YES_ERROR;
				CLANG_WARN_DOCUMENTATION_COMMENTS = YES;
				CLANG_WARN_EMPTY_BODY = YES;
				CLANG_WARN_ENUM_CONVERSION = YES;
				CLANG_WARN_INFINITE_RECURSION = YES;
				CLANG_WARN_INT_CONVERSION = YES;
				CLANG_WARN_NON_LITERAL_NULL_CONVERSION = YES;
				CLANG_WARN_OBJC_IMPLICIT_RETAIN_SELF = YES;
				CLANG_WARN_OBJC_LITERAL_CONVERSION = YES;
				CLANG_WARN_OBJC_ROOT_CLASS = YES_ERROR;
				CLANG_WARN_RANGE_LOOP_ANALYSIS = YES;
				CLANG_WARN_STRICT_PROTOTYPES = YES;
				CLANG_WARN_SUSPICIOUS_MOVE = YES;
				CLANG_WARN_UNGUARDED_AVAILABILITY = YES_AGGRESSIVE;
				CLANG_WARN_UNREACHABLE_CODE = YES;
				CLANG_WARN__DUPLICATE_METHOD_MATCH = YES;
				CODE_SIGN_IDENTITY = "iPhone Developer";
				COPY_PHASE_STRIP = NO;
				DEBUG_INFORMATION_FORMAT = "dwarf-with-dsym";
				ENABLE_NS_ASSERTIONS = NO;
				ENABLE_STRICT_OBJC_MSGSEND = YES;
				GCC_C_LANGUAGE_STANDARD = gnu11;
				GCC_NO_COMMON_BLOCKS = YES;
				GCC_WARN_64_TO_32_BIT_CONVERSION = YES;
				GCC_WARN_ABOUT_RETURN_TYPE = YES_ERROR;
				GCC_WARN_UNDECLARED_SELECTOR = YES;
				GCC_WARN_UNINITIALIZED_AUTOS = YES_AGGRESSIVE;
				GCC_WARN_UNUSED_FUNCTION = YES;
				GCC_WARN_UNUSED_VARIABLE = YES;
				IPHONEOS_DEPLOYMENT_TARGET = 11.4;
				MTL_ENABLE_DEBUG_INFO = NO;
				SDKROOT = iphoneos;
				SWIFT_COMPILATION_MODE = wholemodule;
				SWIFT_OPTIMIZATION_LEVEL = "-O";
				VALIDATE_PRODUCT = YES;
			};
			name = Release;
		};
		E4BDECBF213A5903001D5F14 /* Debug */ = {
			isa = XCBuildConfiguration;
			buildSettings = {
				ASSETCATALOG_COMPILER_APPICON_NAME = AppIcon;
				CODE_SIGN_STYLE = Automatic;
				DEVELOPMENT_TEAM = F6P5E2ZEKW;
				INFOPLIST_FILE = WorldTrotter/Info.plist;
				LD_RUNPATH_SEARCH_PATHS = (
					"$(inherited)",
					"@executable_path/Frameworks",
				);
				PRODUCT_BUNDLE_IDENTIFIER = thingsflow.WorldTrotter;
				PRODUCT_NAME = "$(TARGET_NAME)";
				SWIFT_VERSION = 4.0;
				TARGETED_DEVICE_FAMILY = 1;
			};
			name = Debug;
		};
		E4BDECC0213A5903001D5F14 /* Release */ = {
			isa = XCBuildConfiguration;
			buildSettings = {
				ASSETCATALOG_COMPILER_APPICON_NAME = AppIcon;
				CODE_SIGN_STYLE = Automatic;
				DEVELOPMENT_TEAM = F6P5E2ZEKW;
				INFOPLIST_FILE = WorldTrotter/Info.plist;
				LD_RUNPATH_SEARCH_PATHS = (
					"$(inherited)",
					"@executable_path/Frameworks",
				);
				PRODUCT_BUNDLE_IDENTIFIER = thingsflow.WorldTrotter;
				PRODUCT_NAME = "$(TARGET_NAME)";
				SWIFT_VERSION = 4.0;
				TARGETED_DEVICE_FAMILY = 1;
			};
			name = Release;
		};
		E4BDECC2213A5903001D5F14 /* Debug */ = {
			isa = XCBuildConfiguration;
			buildSettings = {
				ALWAYS_EMBED_SWIFT_STANDARD_LIBRARIES = YES;
				BUNDLE_LOADER = "$(TEST_HOST)";
				CODE_SIGN_STYLE = Automatic;
				DEVELOPMENT_TEAM = F6P5E2ZEKW;
				INFOPLIST_FILE = WorldTrotterTests/Info.plist;
				LD_RUNPATH_SEARCH_PATHS = (
					"$(inherited)",
					"@executable_path/Frameworks",
					"@loader_path/Frameworks",
				);
				PRODUCT_BUNDLE_IDENTIFIER = thingsflow.WorldTrotterTests;
				PRODUCT_NAME = "$(TARGET_NAME)";
				SWIFT_VERSION = 4.0;
				TARGETED_DEVICE_FAMILY = "1,2";
				TEST_HOST = "$(BUILT_PRODUCTS_DIR)/WorldTrotter.app/WorldTrotter";
			};
			name = Debug;
		};
		E4BDECC3213A5903001D5F14 /* Release */ = {
			isa = XCBuildConfiguration;
			buildSettings = {
				ALWAYS_EMBED_SWIFT_STANDARD_LIBRARIES = YES;
				BUNDLE_LOADER = "$(TEST_HOST)";
				CODE_SIGN_STYLE = Automatic;
				DEVELOPMENT_TEAM = F6P5E2ZEKW;
				INFOPLIST_FILE = WorldTrotterTests/Info.plist;
				LD_RUNPATH_SEARCH_PATHS = (
					"$(inherited)",
					"@executable_path/Frameworks",
					"@loader_path/Frameworks",
				);
				PRODUCT_BUNDLE_IDENTIFIER = thingsflow.WorldTrotterTests;
				PRODUCT_NAME = "$(TARGET_NAME)";
				SWIFT_VERSION = 4.0;
				TARGETED_DEVICE_FAMILY = "1,2";
				TEST_HOST = "$(BUILT_PRODUCTS_DIR)/WorldTrotter.app/WorldTrotter";
			};
			name = Release;
		};
		E4BDECC5213A5903001D5F14 /* Debug */ = {
			isa = XCBuildConfiguration;
			buildSettings = {
				ALWAYS_EMBED_SWIFT_STANDARD_LIBRARIES = YES;
				CODE_SIGN_STYLE = Automatic;
				DEVELOPMENT_TEAM = F6P5E2ZEKW;
				INFOPLIST_FILE = WorldTrotterUITests/Info.plist;
				LD_RUNPATH_SEARCH_PATHS = (
					"$(inherited)",
					"@executable_path/Frameworks",
					"@loader_path/Frameworks",
				);
				PRODUCT_BUNDLE_IDENTIFIER = thingsflow.WorldTrotterUITests;
				PRODUCT_NAME = "$(TARGET_NAME)";
				SWIFT_VERSION = 4.0;
				TARGETED_DEVICE_FAMILY = "1,2";
				TEST_TARGET_NAME = WorldTrotter;
			};
			name = Debug;
		};
		E4BDECC6213A5903001D5F14 /* Release */ = {
			isa = XCBuildConfiguration;
			buildSettings = {
				ALWAYS_EMBED_SWIFT_STANDARD_LIBRARIES = YES;
				CODE_SIGN_STYLE = Automatic;
				DEVELOPMENT_TEAM = F6P5E2ZEKW;
				INFOPLIST_FILE = WorldTrotterUITests/Info.plist;
				LD_RUNPATH_SEARCH_PATHS = (
					"$(inherited)",
					"@executable_path/Frameworks",
					"@loader_path/Frameworks",
				);
				PRODUCT_BUNDLE_IDENTIFIER = thingsflow.WorldTrotterUITests;
				PRODUCT_NAME = "$(TARGET_NAME)";
				SWIFT_VERSION = 4.0;
				TARGETED_DEVICE_FAMILY = "1,2";
				TEST_TARGET_NAME = WorldTrotter;
			};
			name = Release;
		};
/* End XCBuildConfiguration section */

/* Begin XCConfigurationList section */
		E4BDEC91213A5901001D5F14 /* Build configuration list for PBXProject "WorldTrotter" */ = {
			isa = XCConfigurationList;
			buildConfigurations = (
				E4BDECBC213A5903001D5F14 /* Debug */,
				E4BDECBD213A5903001D5F14 /* Release */,
			);
			defaultConfigurationIsVisible = 0;
			defaultConfigurationName = Release;
		};
		E4BDECBE213A5903001D5F14 /* Build configuration list for PBXNativeTarget "WorldTrotter" */ = {
			isa = XCConfigurationList;
			buildConfigurations = (
				E4BDECBF213A5903001D5F14 /* Debug */,
				E4BDECC0213A5903001D5F14 /* Release */,
			);
			defaultConfigurationIsVisible = 0;
			defaultConfigurationName = Release;
		};
		E4BDECC1213A5903001D5F14 /* Build configuration list for PBXNativeTarget "WorldTrotterTests" */ = {
			isa = XCConfigurationList;
			buildConfigurations = (
				E4BDECC2213A5903001D5F14 /* Debug */,
				E4BDECC3213A5903001D5F14 /* Release */,
			);
			defaultConfigurationIsVisible = 0;
			defaultConfigurationName = Release;
		};
		E4BDECC4213A5903001D5F14 /* Build configuration list for PBXNativeTarget "WorldTrotterUITests" */ = {
			isa = XCConfigurationList;
			buildConfigurations = (
				E4BDECC5213A5903001D5F14 /* Debug */,
				E4BDECC6213A5903001D5F14 /* Release */,
			);
			defaultConfigurationIsVisible = 0;
			defaultConfigurationName = Release;
		};
/* End XCConfigurationList section */
	};
	rootObject = E4BDEC8E213A5901001D5F14 /* Project object */;
}
